// !$*UTF8*$!
{
	archiveVersion = 1;
	classes = {
	};
	objectVersion = 56;
	objects = {

/* Begin PBXBuildFile section */
		9F3D185A2C0CE40C0015A463 /* NetworkServiceProtocol.swift in Sources */ = {isa = PBXBuildFile; fileRef = 9F3D18592C0CE40C0015A463 /* NetworkServiceProtocol.swift */; };
		9F3D185C2C0CE4210015A463 /* NetworkService.swift in Sources */ = {isa = PBXBuildFile; fileRef = 9F3D185B2C0CE4210015A463 /* NetworkService.swift */; };
		9F4090DF2C08E38800C0067A /* Israa.storyboard in Resources */ = {isa = PBXBuildFile; fileRef = 9F4090DE2C08E38800C0067A /* Israa.storyboard */; };
		9F77147E2C0E2D5800DA640D /* BrandProductsViewController.swift in Sources */ = {isa = PBXBuildFile; fileRef = 9F77147D2C0E2D5800DA640D /* BrandProductsViewController.swift */; };
		9F9423202C0D3B300082A544 /* HomeViewModel.swift in Sources */ = {isa = PBXBuildFile; fileRef = 9F94231F2C0D3B300082A544 /* HomeViewModel.swift */; };
		9F9423222C0D3B430082A544 /* BrandsResponse.swift in Sources */ = {isa = PBXBuildFile; fileRef = 9F9423212C0D3B430082A544 /* BrandsResponse.swift */; };
		9F9423252C0D3BEF0082A544 /* CategoriesCollectionViewCell.swift in Sources */ = {isa = PBXBuildFile; fileRef = 9F9423232C0D3BEF0082A544 /* CategoriesCollectionViewCell.swift */; };
		9F9423262C0D3BEF0082A544 /* CategoriesCollectionViewCell.xib in Resources */ = {isa = PBXBuildFile; fileRef = 9F9423242C0D3BEF0082A544 /* CategoriesCollectionViewCell.xib */; };
		9F94CBF82C0DA07B0009F3DE /* CategoriesViewController.swift in Sources */ = {isa = PBXBuildFile; fileRef = 9F94CBF72C0DA07B0009F3DE /* CategoriesViewController.swift */; };
		9F94CBFB2C0DA4550009F3DE /* CustomTabBar.swift in Sources */ = {isa = PBXBuildFile; fileRef = 9F94CBFA2C0DA4550009F3DE /* CustomTabBar.swift */; };
		9F962CD82C0E0B8300D4E984 /* ProductDetailsViewController.swift in Sources */ = {isa = PBXBuildFile; fileRef = 9F962CD72C0E0B8300D4E984 /* ProductDetailsViewController.swift */; };
		9F9792632C0930F500653FFC /* HomeViewController.swift in Sources */ = {isa = PBXBuildFile; fileRef = 9F9792622C0930F500653FFC /* HomeViewController.swift */; };
		9FB67A652C0F5E3800C59B5B /* OrdersViewController.swift in Sources */ = {isa = PBXBuildFile; fileRef = 9FB67A642C0F5E3800C59B5B /* OrdersViewController.swift */; };
		9FB67A6C2C0F5F2300C59B5B /* OrdersTableViewCell.swift in Sources */ = {isa = PBXBuildFile; fileRef = 9FB67A6A2C0F5F2300C59B5B /* OrdersTableViewCell.swift */; };
		9FB67A6D2C0F5F2300C59B5B /* OrdersTableViewCell.xib in Resources */ = {isa = PBXBuildFile; fileRef = 9FB67A6B2C0F5F2300C59B5B /* OrdersTableViewCell.xib */; };
		9FBF0B7E2C09425A005FD71D /* BrandsCollectionViewCell.swift in Sources */ = {isa = PBXBuildFile; fileRef = 9FBF0B7D2C09425A005FD71D /* BrandsCollectionViewCell.swift */; };
		BE8610172BFF5001001AB5A6 /* AppDelegate.swift in Sources */ = {isa = PBXBuildFile; fileRef = BE8610162BFF5001001AB5A6 /* AppDelegate.swift */; };
		BE8610192BFF5001001AB5A6 /* SceneDelegate.swift in Sources */ = {isa = PBXBuildFile; fileRef = BE8610182BFF5001001AB5A6 /* SceneDelegate.swift */; };
		BE86101B2BFF5001001AB5A6 /* ViewController.swift in Sources */ = {isa = PBXBuildFile; fileRef = BE86101A2BFF5001001AB5A6 /* ViewController.swift */; };
		BE86101E2BFF5001001AB5A6 /* Base in Resources */ = {isa = PBXBuildFile; fileRef = BE86101D2BFF5001001AB5A6 /* Base */; };
		BE8610212BFF5001001AB5A6 /* ShopifyApp.xcdatamodeld in Sources */ = {isa = PBXBuildFile; fileRef = BE86101F2BFF5001001AB5A6 /* ShopifyApp.xcdatamodeld */; };
		BE8610232BFF5002001AB5A6 /* Assets.xcassets in Resources */ = {isa = PBXBuildFile; fileRef = BE8610222BFF5002001AB5A6 /* Assets.xcassets */; };
		BE8610262BFF5002001AB5A6 /* Base in Resources */ = {isa = PBXBuildFile; fileRef = BE8610252BFF5002001AB5A6 /* Base */; };
		BE8610312BFF5003001AB5A6 /* ShopifyAppTests.swift in Sources */ = {isa = PBXBuildFile; fileRef = BE8610302BFF5003001AB5A6 /* ShopifyAppTests.swift */; };
		BE86103B2BFF5003001AB5A6 /* ShopifyAppUITests.swift in Sources */ = {isa = PBXBuildFile; fileRef = BE86103A2BFF5003001AB5A6 /* ShopifyAppUITests.swift */; };
		BE86103D2BFF5003001AB5A6 /* ShopifyAppUITestsLaunchTests.swift in Sources */ = {isa = PBXBuildFile; fileRef = BE86103C2BFF5003001AB5A6 /* ShopifyAppUITestsLaunchTests.swift */; };
		BEF6A50D2C0075CF00221795 /* CartViewController.swift in Sources */ = {isa = PBXBuildFile; fileRef = BEF6A50C2C0075CF00221795 /* CartViewController.swift */; };
		BEF6A5102C0075EC00221795 /* Youssef.storyboard in Resources */ = {isa = PBXBuildFile; fileRef = BEF6A50F2C0075EC00221795 /* Youssef.storyboard */; };
		BEF6A5132C0084FE00221795 /* CartTableViewCell.swift in Sources */ = {isa = PBXBuildFile; fileRef = BEF6A5112C0084FE00221795 /* CartTableViewCell.swift */; };
		BEF6A5142C0084FE00221795 /* CartTableViewCell.xib in Resources */ = {isa = PBXBuildFile; fileRef = BEF6A5122C0084FE00221795 /* CartTableViewCell.xib */; };
/* End PBXBuildFile section */

/* Begin PBXContainerItemProxy section */
		BE86102D2BFF5003001AB5A6 /* PBXContainerItemProxy */ = {
			isa = PBXContainerItemProxy;
			containerPortal = BE86100B2BFF5001001AB5A6 /* Project object */;
			proxyType = 1;
			remoteGlobalIDString = BE8610122BFF5001001AB5A6;
			remoteInfo = ShopifyApp;
		};
		BE8610372BFF5003001AB5A6 /* PBXContainerItemProxy */ = {
			isa = PBXContainerItemProxy;
			containerPortal = BE86100B2BFF5001001AB5A6 /* Project object */;
			proxyType = 1;
			remoteGlobalIDString = BE8610122BFF5001001AB5A6;
			remoteInfo = ShopifyApp;
		};
/* End PBXContainerItemProxy section */

/* Begin PBXFileReference section */
		9F3D18592C0CE40C0015A463 /* NetworkServiceProtocol.swift */ = {isa = PBXFileReference; lastKnownFileType = sourcecode.swift; path = NetworkServiceProtocol.swift; sourceTree = "<group>"; };
		9F3D185B2C0CE4210015A463 /* NetworkService.swift */ = {isa = PBXFileReference; lastKnownFileType = sourcecode.swift; path = NetworkService.swift; sourceTree = "<group>"; };
		9F4090DE2C08E38800C0067A /* Israa.storyboard */ = {isa = PBXFileReference; lastKnownFileType = file.storyboard; path = Israa.storyboard; sourceTree = "<group>"; };
		9F77147D2C0E2D5800DA640D /* BrandProductsViewController.swift */ = {isa = PBXFileReference; lastKnownFileType = sourcecode.swift; path = BrandProductsViewController.swift; sourceTree = "<group>"; };
		9F94231F2C0D3B300082A544 /* HomeViewModel.swift */ = {isa = PBXFileReference; lastKnownFileType = sourcecode.swift; path = HomeViewModel.swift; sourceTree = "<group>"; };
		9F9423212C0D3B430082A544 /* BrandsResponse.swift */ = {isa = PBXFileReference; lastKnownFileType = sourcecode.swift; path = BrandsResponse.swift; sourceTree = "<group>"; };
		9F9423232C0D3BEF0082A544 /* CategoriesCollectionViewCell.swift */ = {isa = PBXFileReference; lastKnownFileType = sourcecode.swift; path = CategoriesCollectionViewCell.swift; sourceTree = "<group>"; };
		9F9423242C0D3BEF0082A544 /* CategoriesCollectionViewCell.xib */ = {isa = PBXFileReference; lastKnownFileType = file.xib; path = CategoriesCollectionViewCell.xib; sourceTree = "<group>"; };
		9F94CBF72C0DA07B0009F3DE /* CategoriesViewController.swift */ = {isa = PBXFileReference; lastKnownFileType = sourcecode.swift; path = CategoriesViewController.swift; sourceTree = "<group>"; };
		9F94CBFA2C0DA4550009F3DE /* CustomTabBar.swift */ = {isa = PBXFileReference; lastKnownFileType = sourcecode.swift; path = CustomTabBar.swift; sourceTree = "<group>"; };
		9F962CD72C0E0B8300D4E984 /* ProductDetailsViewController.swift */ = {isa = PBXFileReference; lastKnownFileType = sourcecode.swift; path = ProductDetailsViewController.swift; sourceTree = "<group>"; };
		9F9792622C0930F500653FFC /* HomeViewController.swift */ = {isa = PBXFileReference; lastKnownFileType = sourcecode.swift; path = HomeViewController.swift; sourceTree = "<group>"; };
		9FB67A642C0F5E3800C59B5B /* OrdersViewController.swift */ = {isa = PBXFileReference; lastKnownFileType = sourcecode.swift; name = OrdersViewController.swift; path = ShopifyApp/Modules/Orders/View/OrdersViewController.swift; sourceTree = SOURCE_ROOT; };
		9FB67A6A2C0F5F2300C59B5B /* OrdersTableViewCell.swift */ = {isa = PBXFileReference; lastKnownFileType = sourcecode.swift; path = OrdersTableViewCell.swift; sourceTree = "<group>"; };
		9FB67A6B2C0F5F2300C59B5B /* OrdersTableViewCell.xib */ = {isa = PBXFileReference; lastKnownFileType = file.xib; path = OrdersTableViewCell.xib; sourceTree = "<group>"; };
		9FBF0B7D2C09425A005FD71D /* BrandsCollectionViewCell.swift */ = {isa = PBXFileReference; lastKnownFileType = sourcecode.swift; path = BrandsCollectionViewCell.swift; sourceTree = "<group>"; };
		BE8610132BFF5001001AB5A6 /* ShopifyApp.app */ = {isa = PBXFileReference; explicitFileType = wrapper.application; includeInIndex = 0; path = ShopifyApp.app; sourceTree = BUILT_PRODUCTS_DIR; };
		BE8610162BFF5001001AB5A6 /* AppDelegate.swift */ = {isa = PBXFileReference; lastKnownFileType = sourcecode.swift; path = AppDelegate.swift; sourceTree = "<group>"; };
		BE8610182BFF5001001AB5A6 /* SceneDelegate.swift */ = {isa = PBXFileReference; lastKnownFileType = sourcecode.swift; path = SceneDelegate.swift; sourceTree = "<group>"; };
		BE86101A2BFF5001001AB5A6 /* ViewController.swift */ = {isa = PBXFileReference; lastKnownFileType = sourcecode.swift; path = ViewController.swift; sourceTree = "<group>"; };
		BE86101D2BFF5001001AB5A6 /* Base */ = {isa = PBXFileReference; lastKnownFileType = file.storyboard; name = Base; path = Base.lproj/Main.storyboard; sourceTree = "<group>"; };
		BE8610202BFF5001001AB5A6 /* ShopifyApp.xcdatamodel */ = {isa = PBXFileReference; lastKnownFileType = wrapper.xcdatamodel; path = ShopifyApp.xcdatamodel; sourceTree = "<group>"; };
		BE8610222BFF5002001AB5A6 /* Assets.xcassets */ = {isa = PBXFileReference; lastKnownFileType = folder.assetcatalog; path = Assets.xcassets; sourceTree = "<group>"; };
		BE8610252BFF5002001AB5A6 /* Base */ = {isa = PBXFileReference; lastKnownFileType = file.storyboard; name = Base; path = Base.lproj/LaunchScreen.storyboard; sourceTree = "<group>"; };
		BE8610272BFF5002001AB5A6 /* Info.plist */ = {isa = PBXFileReference; lastKnownFileType = text.plist.xml; path = Info.plist; sourceTree = "<group>"; };
		BE86102C2BFF5003001AB5A6 /* ShopifyAppTests.xctest */ = {isa = PBXFileReference; explicitFileType = wrapper.cfbundle; includeInIndex = 0; path = ShopifyAppTests.xctest; sourceTree = BUILT_PRODUCTS_DIR; };
		BE8610302BFF5003001AB5A6 /* ShopifyAppTests.swift */ = {isa = PBXFileReference; lastKnownFileType = sourcecode.swift; path = ShopifyAppTests.swift; sourceTree = "<group>"; };
		BE8610362BFF5003001AB5A6 /* ShopifyAppUITests.xctest */ = {isa = PBXFileReference; explicitFileType = wrapper.cfbundle; includeInIndex = 0; path = ShopifyAppUITests.xctest; sourceTree = BUILT_PRODUCTS_DIR; };
		BE86103A2BFF5003001AB5A6 /* ShopifyAppUITests.swift */ = {isa = PBXFileReference; lastKnownFileType = sourcecode.swift; path = ShopifyAppUITests.swift; sourceTree = "<group>"; };
		BE86103C2BFF5003001AB5A6 /* ShopifyAppUITestsLaunchTests.swift */ = {isa = PBXFileReference; lastKnownFileType = sourcecode.swift; path = ShopifyAppUITestsLaunchTests.swift; sourceTree = "<group>"; };
		BEF6A50C2C0075CF00221795 /* CartViewController.swift */ = {isa = PBXFileReference; lastKnownFileType = sourcecode.swift; path = CartViewController.swift; sourceTree = "<group>"; };
		BEF6A50F2C0075EC00221795 /* Youssef.storyboard */ = {isa = PBXFileReference; lastKnownFileType = file.storyboard; path = Youssef.storyboard; sourceTree = "<group>"; };
		BEF6A5112C0084FE00221795 /* CartTableViewCell.swift */ = {isa = PBXFileReference; lastKnownFileType = sourcecode.swift; path = CartTableViewCell.swift; sourceTree = "<group>"; };
		BEF6A5122C0084FE00221795 /* CartTableViewCell.xib */ = {isa = PBXFileReference; lastKnownFileType = file.xib; path = CartTableViewCell.xib; sourceTree = "<group>"; };
/* End PBXFileReference section */

/* Begin PBXFrameworksBuildPhase section */
		BE8610102BFF5001001AB5A6 /* Frameworks */ = {
			isa = PBXFrameworksBuildPhase;
			buildActionMask = 2147483647;
			files = (
			);
			runOnlyForDeploymentPostprocessing = 0;
		};
		BE8610292BFF5003001AB5A6 /* Frameworks */ = {
			isa = PBXFrameworksBuildPhase;
			buildActionMask = 2147483647;
			files = (
			);
			runOnlyForDeploymentPostprocessing = 0;
		};
		BE8610332BFF5003001AB5A6 /* Frameworks */ = {
			isa = PBXFrameworksBuildPhase;
			buildActionMask = 2147483647;
			files = (
			);
			runOnlyForDeploymentPostprocessing = 0;
		};
/* End PBXFrameworksBuildPhase section */

/* Begin PBXGroup section */
		9F36F1D62C0D045300F0C958 /* Categories */ = {
			isa = PBXGroup;
			children = (
				9F36F1D72C0D045F00F0C958 /* View */,
			);
			path = Categories;
			sourceTree = "<group>";
		};
		9F36F1D72C0D045F00F0C958 /* View */ = {
			isa = PBXGroup;
			children = (
				9F94CBF72C0DA07B0009F3DE /* CategoriesViewController.swift */,
				9F9423232C0D3BEF0082A544 /* CategoriesCollectionViewCell.swift */,
				9F9423242C0D3BEF0082A544 /* CategoriesCollectionViewCell.xib */,
			);
			path = View;
			sourceTree = "<group>";
		};
		9F3D18572C0CE1960015A463 /* Model */ = {
			isa = PBXGroup;
			children = (
				9F9423212C0D3B430082A544 /* BrandsResponse.swift */,
			);
			path = Model;
			sourceTree = "<group>";
		};
		9F3D18582C0CE19F0015A463 /* Services */ = {
			isa = PBXGroup;
			children = (
				9F3D18592C0CE40C0015A463 /* NetworkServiceProtocol.swift */,
				9F3D185B2C0CE4210015A463 /* NetworkService.swift */,
			);
			path = Services;
			sourceTree = "<group>";
		};
		9F77147B2C0E28C500DA640D /* BrandProducts */ = {
			isa = PBXGroup;
			children = (
				9F77147C2C0E28D600DA640D /* View */,
			);
			path = BrandProducts;
			sourceTree = "<group>";
		};
		9F77147C2C0E28D600DA640D /* View */ = {
			isa = PBXGroup;
			children = (
				9F77147D2C0E2D5800DA640D /* BrandProductsViewController.swift */,
			);
			path = View;
			sourceTree = "<group>";
		};
		9F94CBF92C0DA41D0009F3DE /* ViewModel */ = {
			isa = PBXGroup;
			children = (
				9F94231F2C0D3B300082A544 /* HomeViewModel.swift */,
			);
			path = ViewModel;
			sourceTree = "<group>";
		};
		9F95A7CE2C08DDC40053B855 /* Home */ = {
			isa = PBXGroup;
			children = (
				9F94CBF92C0DA41D0009F3DE /* ViewModel */,
				9F9792642C093F6800653FFC /* View */,
			);
			path = Home;
			sourceTree = "<group>";
		};
		9F962CD42C0E0AF600D4E984 /* ProductDetails */ = {
			isa = PBXGroup;
			children = (
				9F962CD62C0E0B0A00D4E984 /* ViewModel */,
				9F962CD52C0E0B0300D4E984 /* View */,
			);
			path = ProductDetails;
			sourceTree = "<group>";
		};
		9F962CD52C0E0B0300D4E984 /* View */ = {
			isa = PBXGroup;
			children = (
				9F962CD72C0E0B8300D4E984 /* ProductDetailsViewController.swift */,
			);
			path = View;
			sourceTree = "<group>";
		};
		9F962CD62C0E0B0A00D4E984 /* ViewModel */ = {
			isa = PBXGroup;
			children = (
			);
			path = ViewModel;
			sourceTree = "<group>";
		};
		9F9792642C093F6800653FFC /* View */ = {
			isa = PBXGroup;
			children = (
				9F9792622C0930F500653FFC /* HomeViewController.swift */,
				9FBF0B7D2C09425A005FD71D /* BrandsCollectionViewCell.swift */,
				9F94CBFA2C0DA4550009F3DE /* CustomTabBar.swift */,
			);
			path = View;
			sourceTree = "<group>";
		};
		9FB67A632C0F5DFB00C59B5B /* Orders */ = {
			isa = PBXGroup;
			children = (
				9FB67A662C0F5E4100C59B5B /* View */,
			);
			path = Orders;
			sourceTree = "<group>";
		};
		9FB67A662C0F5E4100C59B5B /* View */ = {
			isa = PBXGroup;
			children = (
				9FB67A642C0F5E3800C59B5B /* OrdersViewController.swift */,
				9FB67A6A2C0F5F2300C59B5B /* OrdersTableViewCell.swift */,
				9FB67A6B2C0F5F2300C59B5B /* OrdersTableViewCell.xib */,
			);
			path = View;
			sourceTree = "<group>";
		};
		BE86100A2BFF5001001AB5A6 = {
			isa = PBXGroup;
			children = (
				BE8610152BFF5001001AB5A6 /* ShopifyApp */,
				BE86102F2BFF5003001AB5A6 /* ShopifyAppTests */,
				BE8610392BFF5003001AB5A6 /* ShopifyAppUITests */,
				BE8610142BFF5001001AB5A6 /* Products */,
			);
			sourceTree = "<group>";
		};
		BE8610142BFF5001001AB5A6 /* Products */ = {
			isa = PBXGroup;
			children = (
				BE8610132BFF5001001AB5A6 /* ShopifyApp.app */,
				BE86102C2BFF5003001AB5A6 /* ShopifyAppTests.xctest */,
				BE8610362BFF5003001AB5A6 /* ShopifyAppUITests.xctest */,
			);
			name = Products;
			sourceTree = "<group>";
		};
		BE8610152BFF5001001AB5A6 /* ShopifyApp */ = {
			isa = PBXGroup;
			children = (
				BEF6A5092C0075B500221795 /* Modules */,
				9F4090DE2C08E38800C0067A /* Israa.storyboard */,
				BE8610162BFF5001001AB5A6 /* AppDelegate.swift */,
				BE8610182BFF5001001AB5A6 /* SceneDelegate.swift */,
				BE86101A2BFF5001001AB5A6 /* ViewController.swift */,
				BE86101C2BFF5001001AB5A6 /* Main.storyboard */,
				BE8610222BFF5002001AB5A6 /* Assets.xcassets */,
				BE8610242BFF5002001AB5A6 /* LaunchScreen.storyboard */,
				BE8610272BFF5002001AB5A6 /* Info.plist */,
				BE86101F2BFF5001001AB5A6 /* ShopifyApp.xcdatamodeld */,
				BEF6A50F2C0075EC00221795 /* Youssef.storyboard */,
			);
			path = ShopifyApp;
			sourceTree = "<group>";
		};
		BE86102F2BFF5003001AB5A6 /* ShopifyAppTests */ = {
			isa = PBXGroup;
			children = (
				BE8610302BFF5003001AB5A6 /* ShopifyAppTests.swift */,
			);
			path = ShopifyAppTests;
			sourceTree = "<group>";
		};
		BE8610392BFF5003001AB5A6 /* ShopifyAppUITests */ = {
			isa = PBXGroup;
			children = (
				BE86103A2BFF5003001AB5A6 /* ShopifyAppUITests.swift */,
				BE86103C2BFF5003001AB5A6 /* ShopifyAppUITestsLaunchTests.swift */,
			);
			path = ShopifyAppUITests;
			sourceTree = "<group>";
		};
		BEF6A5092C0075B500221795 /* Modules */ = {
			isa = PBXGroup;
			children = (
				9FB67A632C0F5DFB00C59B5B /* Orders */,
				9F77147B2C0E28C500DA640D /* BrandProducts */,
				9F962CD42C0E0AF600D4E984 /* ProductDetails */,
				9F36F1D62C0D045300F0C958 /* Categories */,
				9F3D18582C0CE19F0015A463 /* Services */,
				9F3D18572C0CE1960015A463 /* Model */,
				9F95A7CE2C08DDC40053B855 /* Home */,
				BEF6A50A2C0075BA00221795 /* Cart */,
			);
			path = Modules;
			sourceTree = "<group>";
		};
		BEF6A50A2C0075BA00221795 /* Cart */ = {
			isa = PBXGroup;
			children = (
				BEF6A50B2C0075C200221795 /* View */,
			);
			path = Cart;
			sourceTree = "<group>";
		};
		BEF6A50B2C0075C200221795 /* View */ = {
			isa = PBXGroup;
			children = (
				BEF6A50C2C0075CF00221795 /* CartViewController.swift */,
				BEF6A5112C0084FE00221795 /* CartTableViewCell.swift */,
				BEF6A5122C0084FE00221795 /* CartTableViewCell.xib */,
			);
			path = View;
			sourceTree = "<group>";
		};
/* End PBXGroup section */

/* Begin PBXNativeTarget section */
		BE8610122BFF5001001AB5A6 /* ShopifyApp */ = {
			isa = PBXNativeTarget;
			buildConfigurationList = BE8610402BFF5003001AB5A6 /* Build configuration list for PBXNativeTarget "ShopifyApp" */;
			buildPhases = (
				BE86100F2BFF5001001AB5A6 /* Sources */,
				BE8610102BFF5001001AB5A6 /* Frameworks */,
				BE8610112BFF5001001AB5A6 /* Resources */,
			);
			buildRules = (
			);
			dependencies = (
			);
			name = ShopifyApp;
			productName = ShopifyApp;
			productReference = BE8610132BFF5001001AB5A6 /* ShopifyApp.app */;
			productType = "com.apple.product-type.application";
		};
		BE86102B2BFF5003001AB5A6 /* ShopifyAppTests */ = {
			isa = PBXNativeTarget;
			buildConfigurationList = BE8610432BFF5003001AB5A6 /* Build configuration list for PBXNativeTarget "ShopifyAppTests" */;
			buildPhases = (
				BE8610282BFF5003001AB5A6 /* Sources */,
				BE8610292BFF5003001AB5A6 /* Frameworks */,
				BE86102A2BFF5003001AB5A6 /* Resources */,
			);
			buildRules = (
			);
			dependencies = (
				BE86102E2BFF5003001AB5A6 /* PBXTargetDependency */,
			);
			name = ShopifyAppTests;
			productName = ShopifyAppTests;
			productReference = BE86102C2BFF5003001AB5A6 /* ShopifyAppTests.xctest */;
			productType = "com.apple.product-type.bundle.unit-test";
		};
		BE8610352BFF5003001AB5A6 /* ShopifyAppUITests */ = {
			isa = PBXNativeTarget;
			buildConfigurationList = BE8610462BFF5003001AB5A6 /* Build configuration list for PBXNativeTarget "ShopifyAppUITests" */;
			buildPhases = (
				BE8610322BFF5003001AB5A6 /* Sources */,
				BE8610332BFF5003001AB5A6 /* Frameworks */,
				BE8610342BFF5003001AB5A6 /* Resources */,
			);
			buildRules = (
			);
			dependencies = (
				BE8610382BFF5003001AB5A6 /* PBXTargetDependency */,
			);
			name = ShopifyAppUITests;
			productName = ShopifyAppUITests;
			productReference = BE8610362BFF5003001AB5A6 /* ShopifyAppUITests.xctest */;
			productType = "com.apple.product-type.bundle.ui-testing";
		};
/* End PBXNativeTarget section */

/* Begin PBXProject section */
		BE86100B2BFF5001001AB5A6 /* Project object */ = {
			isa = PBXProject;
			attributes = {
				BuildIndependentTargetsInParallel = 1;
				LastSwiftUpdateCheck = 1530;
				LastUpgradeCheck = 1530;
				TargetAttributes = {
					BE8610122BFF5001001AB5A6 = {
						CreatedOnToolsVersion = 15.3;
					};
					BE86102B2BFF5003001AB5A6 = {
						CreatedOnToolsVersion = 15.3;
						TestTargetID = BE8610122BFF5001001AB5A6;
					};
					BE8610352BFF5003001AB5A6 = {
						CreatedOnToolsVersion = 15.3;
						TestTargetID = BE8610122BFF5001001AB5A6;
					};
				};
			};
			buildConfigurationList = BE86100E2BFF5001001AB5A6 /* Build configuration list for PBXProject "ShopifyApp" */;
			compatibilityVersion = "Xcode 14.0";
			developmentRegion = en;
			hasScannedForEncodings = 0;
			knownRegions = (
				en,
				Base,
			);
			mainGroup = BE86100A2BFF5001001AB5A6;
			productRefGroup = BE8610142BFF5001001AB5A6 /* Products */;
			projectDirPath = "";
			projectRoot = "";
			targets = (
				BE8610122BFF5001001AB5A6 /* ShopifyApp */,
				BE86102B2BFF5003001AB5A6 /* ShopifyAppTests */,
				BE8610352BFF5003001AB5A6 /* ShopifyAppUITests */,
			);
		};
/* End PBXProject section */

/* Begin PBXResourcesBuildPhase section */
		BE8610112BFF5001001AB5A6 /* Resources */ = {
			isa = PBXResourcesBuildPhase;
			buildActionMask = 2147483647;
			files = (
				BEF6A5142C0084FE00221795 /* CartTableViewCell.xib in Resources */,
				BE8610232BFF5002001AB5A6 /* Assets.xcassets in Resources */,
				9FB67A6D2C0F5F2300C59B5B /* OrdersTableViewCell.xib in Resources */,
				BE8610262BFF5002001AB5A6 /* Base in Resources */,
				9F4090DF2C08E38800C0067A /* Israa.storyboard in Resources */,
				9F9423262C0D3BEF0082A544 /* CategoriesCollectionViewCell.xib in Resources */,
				BE86101E2BFF5001001AB5A6 /* Base in Resources */,
				BEF6A5102C0075EC00221795 /* Youssef.storyboard in Resources */,
			);
			runOnlyForDeploymentPostprocessing = 0;
		};
		BE86102A2BFF5003001AB5A6 /* Resources */ = {
			isa = PBXResourcesBuildPhase;
			buildActionMask = 2147483647;
			files = (
			);
			runOnlyForDeploymentPostprocessing = 0;
		};
		BE8610342BFF5003001AB5A6 /* Resources */ = {
			isa = PBXResourcesBuildPhase;
			buildActionMask = 2147483647;
			files = (
			);
			runOnlyForDeploymentPostprocessing = 0;
		};
/* End PBXResourcesBuildPhase section */

/* Begin PBXSourcesBuildPhase section */
		BE86100F2BFF5001001AB5A6 /* Sources */ = {
			isa = PBXSourcesBuildPhase;
			buildActionMask = 2147483647;
			files = (
				9F3D185C2C0CE4210015A463 /* NetworkService.swift in Sources */,
				9F94CBFB2C0DA4550009F3DE /* CustomTabBar.swift in Sources */,
				9F9423222C0D3B430082A544 /* BrandsResponse.swift in Sources */,
				9F9423202C0D3B300082A544 /* HomeViewModel.swift in Sources */,
				BE86101B2BFF5001001AB5A6 /* ViewController.swift in Sources */,
				BE8610172BFF5001001AB5A6 /* AppDelegate.swift in Sources */,
				9FBF0B7E2C09425A005FD71D /* BrandsCollectionViewCell.swift in Sources */,
				9F9423252C0D3BEF0082A544 /* CategoriesCollectionViewCell.swift in Sources */,
				BEF6A50D2C0075CF00221795 /* CartViewController.swift in Sources */,
				BEF6A5132C0084FE00221795 /* CartTableViewCell.swift in Sources */,
				9F3D185A2C0CE40C0015A463 /* NetworkServiceProtocol.swift in Sources */,
				BE8610212BFF5001001AB5A6 /* ShopifyApp.xcdatamodeld in Sources */,
				9F9792632C0930F500653FFC /* HomeViewController.swift in Sources */,
				9FB67A652C0F5E3800C59B5B /* OrdersViewController.swift in Sources */,
				9F94CBF82C0DA07B0009F3DE /* CategoriesViewController.swift in Sources */,
				BE8610192BFF5001001AB5A6 /* SceneDelegate.swift in Sources */,
				9F77147E2C0E2D5800DA640D /* BrandProductsViewController.swift in Sources */,
				9F962CD82C0E0B8300D4E984 /* ProductDetailsViewController.swift in Sources */,
				9FB67A6C2C0F5F2300C59B5B /* OrdersTableViewCell.swift in Sources */,
			);
			runOnlyForDeploymentPostprocessing = 0;
		};
		BE8610282BFF5003001AB5A6 /* Sources */ = {
			isa = PBXSourcesBuildPhase;
			buildActionMask = 2147483647;
			files = (
				BE8610312BFF5003001AB5A6 /* ShopifyAppTests.swift in Sources */,
			);
			runOnlyForDeploymentPostprocessing = 0;
		};
		BE8610322BFF5003001AB5A6 /* Sources */ = {
			isa = PBXSourcesBuildPhase;
			buildActionMask = 2147483647;
			files = (
				BE86103B2BFF5003001AB5A6 /* ShopifyAppUITests.swift in Sources */,
				BE86103D2BFF5003001AB5A6 /* ShopifyAppUITestsLaunchTests.swift in Sources */,
			);
			runOnlyForDeploymentPostprocessing = 0;
		};
/* End PBXSourcesBuildPhase section */

/* Begin PBXTargetDependency section */
		BE86102E2BFF5003001AB5A6 /* PBXTargetDependency */ = {
			isa = PBXTargetDependency;
			target = BE8610122BFF5001001AB5A6 /* ShopifyApp */;
			targetProxy = BE86102D2BFF5003001AB5A6 /* PBXContainerItemProxy */;
		};
		BE8610382BFF5003001AB5A6 /* PBXTargetDependency */ = {
			isa = PBXTargetDependency;
			target = BE8610122BFF5001001AB5A6 /* ShopifyApp */;
			targetProxy = BE8610372BFF5003001AB5A6 /* PBXContainerItemProxy */;
		};
/* End PBXTargetDependency section */

/* Begin PBXVariantGroup section */
		BE86101C2BFF5001001AB5A6 /* Main.storyboard */ = {
			isa = PBXVariantGroup;
			children = (
				BE86101D2BFF5001001AB5A6 /* Base */,
			);
			name = Main.storyboard;
			sourceTree = "<group>";
		};
		BE8610242BFF5002001AB5A6 /* LaunchScreen.storyboard */ = {
			isa = PBXVariantGroup;
			children = (
				BE8610252BFF5002001AB5A6 /* Base */,
			);
			name = LaunchScreen.storyboard;
			sourceTree = "<group>";
		};
/* End PBXVariantGroup section */

/* Begin XCBuildConfiguration section */
		BE86103E2BFF5003001AB5A6 /* Debug */ = {
			isa = XCBuildConfiguration;
			buildSettings = {
				ALWAYS_SEARCH_USER_PATHS = NO;
				ASSETCATALOG_COMPILER_GENERATE_SWIFT_ASSET_SYMBOL_EXTENSIONS = YES;
				CLANG_ANALYZER_NONNULL = YES;
				CLANG_ANALYZER_NUMBER_OBJECT_CONVERSION = YES_AGGRESSIVE;
				CLANG_CXX_LANGUAGE_STANDARD = "gnu++20";
				CLANG_ENABLE_MODULES = YES;
				CLANG_ENABLE_OBJC_ARC = YES;
				CLANG_ENABLE_OBJC_WEAK = YES;
				CLANG_WARN_BLOCK_CAPTURE_AUTORELEASING = YES;
				CLANG_WARN_BOOL_CONVERSION = YES;
				CLANG_WARN_COMMA = YES;
				CLANG_WARN_CONSTANT_CONVERSION = YES;
				CLANG_WARN_DEPRECATED_OBJC_IMPLEMENTATIONS = YES;
				CLANG_WARN_DIRECT_OBJC_ISA_USAGE = YES_ERROR;
				CLANG_WARN_DOCUMENTATION_COMMENTS = YES;
				CLANG_WARN_EMPTY_BODY = YES;
				CLANG_WARN_ENUM_CONVERSION = YES;
				CLANG_WARN_INFINITE_RECURSION = YES;
				CLANG_WARN_INT_CONVERSION = YES;
				CLANG_WARN_NON_LITERAL_NULL_CONVERSION = YES;
				CLANG_WARN_OBJC_IMPLICIT_RETAIN_SELF = YES;
				CLANG_WARN_OBJC_LITERAL_CONVERSION = YES;
				CLANG_WARN_OBJC_ROOT_CLASS = YES_ERROR;
				CLANG_WARN_QUOTED_INCLUDE_IN_FRAMEWORK_HEADER = YES;
				CLANG_WARN_RANGE_LOOP_ANALYSIS = YES;
				CLANG_WARN_STRICT_PROTOTYPES = YES;
				CLANG_WARN_SUSPICIOUS_MOVE = YES;
				CLANG_WARN_UNGUARDED_AVAILABILITY = YES_AGGRESSIVE;
				CLANG_WARN_UNREACHABLE_CODE = YES;
				CLANG_WARN__DUPLICATE_METHOD_MATCH = YES;
				COPY_PHASE_STRIP = NO;
				DEBUG_INFORMATION_FORMAT = dwarf;
				ENABLE_STRICT_OBJC_MSGSEND = YES;
				ENABLE_TESTABILITY = YES;
				ENABLE_USER_SCRIPT_SANDBOXING = YES;
				GCC_C_LANGUAGE_STANDARD = gnu17;
				GCC_DYNAMIC_NO_PIC = NO;
				GCC_NO_COMMON_BLOCKS = YES;
				GCC_OPTIMIZATION_LEVEL = 0;
				GCC_PREPROCESSOR_DEFINITIONS = (
					"DEBUG=1",
					"$(inherited)",
				);
				GCC_WARN_64_TO_32_BIT_CONVERSION = YES;
				GCC_WARN_ABOUT_RETURN_TYPE = YES_ERROR;
				GCC_WARN_UNDECLARED_SELECTOR = YES;
				GCC_WARN_UNINITIALIZED_AUTOS = YES_AGGRESSIVE;
				GCC_WARN_UNUSED_FUNCTION = YES;
				GCC_WARN_UNUSED_VARIABLE = YES;
				IPHONEOS_DEPLOYMENT_TARGET = 17.4;
				LOCALIZATION_PREFERS_STRING_CATALOGS = YES;
				MTL_ENABLE_DEBUG_INFO = INCLUDE_SOURCE;
				MTL_FAST_MATH = YES;
				ONLY_ACTIVE_ARCH = YES;
				SDKROOT = iphoneos;
				SWIFT_ACTIVE_COMPILATION_CONDITIONS = "DEBUG $(inherited)";
				SWIFT_OPTIMIZATION_LEVEL = "-Onone";
			};
			name = Debug;
		};
		BE86103F2BFF5003001AB5A6 /* Release */ = {
			isa = XCBuildConfiguration;
			buildSettings = {
				ALWAYS_SEARCH_USER_PATHS = NO;
				ASSETCATALOG_COMPILER_GENERATE_SWIFT_ASSET_SYMBOL_EXTENSIONS = YES;
				CLANG_ANALYZER_NONNULL = YES;
				CLANG_ANALYZER_NUMBER_OBJECT_CONVERSION = YES_AGGRESSIVE;
				CLANG_CXX_LANGUAGE_STANDARD = "gnu++20";
				CLANG_ENABLE_MODULES = YES;
				CLANG_ENABLE_OBJC_ARC = YES;
				CLANG_ENABLE_OBJC_WEAK = YES;
				CLANG_WARN_BLOCK_CAPTURE_AUTORELEASING = YES;
				CLANG_WARN_BOOL_CONVERSION = YES;
				CLANG_WARN_COMMA = YES;
				CLANG_WARN_CONSTANT_CONVERSION = YES;
				CLANG_WARN_DEPRECATED_OBJC_IMPLEMENTATIONS = YES;
				CLANG_WARN_DIRECT_OBJC_ISA_USAGE = YES_ERROR;
				CLANG_WARN_DOCUMENTATION_COMMENTS = YES;
				CLANG_WARN_EMPTY_BODY = YES;
				CLANG_WARN_ENUM_CONVERSION = YES;
				CLANG_WARN_INFINITE_RECURSION = YES;
				CLANG_WARN_INT_CONVERSION = YES;
				CLANG_WARN_NON_LITERAL_NULL_CONVERSION = YES;
				CLANG_WARN_OBJC_IMPLICIT_RETAIN_SELF = YES;
				CLANG_WARN_OBJC_LITERAL_CONVERSION = YES;
				CLANG_WARN_OBJC_ROOT_CLASS = YES_ERROR;
				CLANG_WARN_QUOTED_INCLUDE_IN_FRAMEWORK_HEADER = YES;
				CLANG_WARN_RANGE_LOOP_ANALYSIS = YES;
				CLANG_WARN_STRICT_PROTOTYPES = YES;
				CLANG_WARN_SUSPICIOUS_MOVE = YES;
				CLANG_WARN_UNGUARDED_AVAILABILITY = YES_AGGRESSIVE;
				CLANG_WARN_UNREACHABLE_CODE = YES;
				CLANG_WARN__DUPLICATE_METHOD_MATCH = YES;
				COPY_PHASE_STRIP = NO;
				DEBUG_INFORMATION_FORMAT = "dwarf-with-dsym";
				ENABLE_NS_ASSERTIONS = NO;
				ENABLE_STRICT_OBJC_MSGSEND = YES;
				ENABLE_USER_SCRIPT_SANDBOXING = YES;
				GCC_C_LANGUAGE_STANDARD = gnu17;
				GCC_NO_COMMON_BLOCKS = YES;
				GCC_WARN_64_TO_32_BIT_CONVERSION = YES;
				GCC_WARN_ABOUT_RETURN_TYPE = YES_ERROR;
				GCC_WARN_UNDECLARED_SELECTOR = YES;
				GCC_WARN_UNINITIALIZED_AUTOS = YES_AGGRESSIVE;
				GCC_WARN_UNUSED_FUNCTION = YES;
				GCC_WARN_UNUSED_VARIABLE = YES;
				IPHONEOS_DEPLOYMENT_TARGET = 17.4;
				LOCALIZATION_PREFERS_STRING_CATALOGS = YES;
				MTL_ENABLE_DEBUG_INFO = NO;
				MTL_FAST_MATH = YES;
				SDKROOT = iphoneos;
				SWIFT_COMPILATION_MODE = wholemodule;
				VALIDATE_PRODUCT = YES;
			};
			name = Release;
		};
		BE8610412BFF5003001AB5A6 /* Debug */ = {
			isa = XCBuildConfiguration;
			buildSettings = {
				ASSETCATALOG_COMPILER_APPICON_NAME = AppIcon;
				ASSETCATALOG_COMPILER_GLOBAL_ACCENT_COLOR_NAME = AccentColor;
				CODE_SIGN_STYLE = Automatic;
				CURRENT_PROJECT_VERSION = 1;
				GENERATE_INFOPLIST_FILE = YES;
				INFOPLIST_FILE = ShopifyApp/Info.plist;
				INFOPLIST_KEY_UIApplicationSupportsIndirectInputEvents = YES;
				INFOPLIST_KEY_UILaunchStoryboardName = "";
				INFOPLIST_KEY_UIMainStoryboardFile = Main;
				INFOPLIST_KEY_UIStatusBarStyle = "";
				INFOPLIST_KEY_UISupportedInterfaceOrientations_iPad = "UIInterfaceOrientationPortrait UIInterfaceOrientationPortraitUpsideDown UIInterfaceOrientationLandscapeLeft UIInterfaceOrientationLandscapeRight";
				INFOPLIST_KEY_UISupportedInterfaceOrientations_iPhone = "UIInterfaceOrientationPortrait UIInterfaceOrientationLandscapeLeft UIInterfaceOrientationLandscapeRight";
				IPHONEOS_DEPLOYMENT_TARGET = 17.2;
				LD_RUNPATH_SEARCH_PATHS = (
					"$(inherited)",
					"@executable_path/Frameworks",
				);
				MARKETING_VERSION = 1.0;
				PRODUCT_BUNDLE_IDENTIFIER = com.welly.ShopifyApp;
				PRODUCT_NAME = "$(TARGET_NAME)";
				SWIFT_EMIT_LOC_STRINGS = YES;
				SWIFT_VERSION = 5.0;
				TARGETED_DEVICE_FAMILY = "1,2";
			};
			name = Debug;
		};
		BE8610422BFF5003001AB5A6 /* Release */ = {
			isa = XCBuildConfiguration;
			buildSettings = {
				ASSETCATALOG_COMPILER_APPICON_NAME = AppIcon;
				ASSETCATALOG_COMPILER_GLOBAL_ACCENT_COLOR_NAME = AccentColor;
				CODE_SIGN_STYLE = Automatic;
				CURRENT_PROJECT_VERSION = 1;
				GENERATE_INFOPLIST_FILE = YES;
				INFOPLIST_FILE = ShopifyApp/Info.plist;
				INFOPLIST_KEY_UIApplicationSupportsIndirectInputEvents = YES;
				INFOPLIST_KEY_UILaunchStoryboardName = "";
				INFOPLIST_KEY_UIMainStoryboardFile = Main;
				INFOPLIST_KEY_UIStatusBarStyle = "";
				INFOPLIST_KEY_UISupportedInterfaceOrientations_iPad = "UIInterfaceOrientationPortrait UIInterfaceOrientationPortraitUpsideDown UIInterfaceOrientationLandscapeLeft UIInterfaceOrientationLandscapeRight";
				INFOPLIST_KEY_UISupportedInterfaceOrientations_iPhone = "UIInterfaceOrientationPortrait UIInterfaceOrientationLandscapeLeft UIInterfaceOrientationLandscapeRight";
				IPHONEOS_DEPLOYMENT_TARGET = 17.2;
				LD_RUNPATH_SEARCH_PATHS = (
					"$(inherited)",
					"@executable_path/Frameworks",
				);
				MARKETING_VERSION = 1.0;
				PRODUCT_BUNDLE_IDENTIFIER = com.welly.ShopifyApp;
				PRODUCT_NAME = "$(TARGET_NAME)";
				SWIFT_EMIT_LOC_STRINGS = YES;
				SWIFT_VERSION = 5.0;
				TARGETED_DEVICE_FAMILY = "1,2";
			};
			name = Release;
		};
		BE8610442BFF5003001AB5A6 /* Debug */ = {
			isa = XCBuildConfiguration;
			buildSettings = {
				ALWAYS_EMBED_SWIFT_STANDARD_LIBRARIES = YES;
				BUNDLE_LOADER = "$(TEST_HOST)";
				CODE_SIGN_STYLE = Automatic;
				CURRENT_PROJECT_VERSION = 1;
				GENERATE_INFOPLIST_FILE = YES;
				IPHONEOS_DEPLOYMENT_TARGET = 17.4;
				MARKETING_VERSION = 1.0;
				PRODUCT_BUNDLE_IDENTIFIER = com.welly.ShopifyAppTests;
				PRODUCT_NAME = "$(TARGET_NAME)";
				SWIFT_EMIT_LOC_STRINGS = NO;
				SWIFT_VERSION = 5.0;
				TARGETED_DEVICE_FAMILY = "1,2";
				TEST_HOST = "$(BUILT_PRODUCTS_DIR)/ShopifyApp.app/$(BUNDLE_EXECUTABLE_FOLDER_PATH)/ShopifyApp";
			};
			name = Debug;
		};
		BE8610452BFF5003001AB5A6 /* Release */ = {
			isa = XCBuildConfiguration;
			buildSettings = {
				ALWAYS_EMBED_SWIFT_STANDARD_LIBRARIES = YES;
				BUNDLE_LOADER = "$(TEST_HOST)";
				CODE_SIGN_STYLE = Automatic;
				CURRENT_PROJECT_VERSION = 1;
				GENERATE_INFOPLIST_FILE = YES;
				IPHONEOS_DEPLOYMENT_TARGET = 17.4;
				MARKETING_VERSION = 1.0;
				PRODUCT_BUNDLE_IDENTIFIER = com.welly.ShopifyAppTests;
				PRODUCT_NAME = "$(TARGET_NAME)";
				SWIFT_EMIT_LOC_STRINGS = NO;
				SWIFT_VERSION = 5.0;
				TARGETED_DEVICE_FAMILY = "1,2";
				TEST_HOST = "$(BUILT_PRODUCTS_DIR)/ShopifyApp.app/$(BUNDLE_EXECUTABLE_FOLDER_PATH)/ShopifyApp";
			};
			name = Release;
		};
		BE8610472BFF5003001AB5A6 /* Debug */ = {
			isa = XCBuildConfiguration;
			buildSettings = {
				ALWAYS_EMBED_SWIFT_STANDARD_LIBRARIES = YES;
				CODE_SIGN_STYLE = Automatic;
				CURRENT_PROJECT_VERSION = 1;
				GENERATE_INFOPLIST_FILE = YES;
				MARKETING_VERSION = 1.0;
				PRODUCT_BUNDLE_IDENTIFIER = com.welly.ShopifyAppUITests;
				PRODUCT_NAME = "$(TARGET_NAME)";
				SWIFT_EMIT_LOC_STRINGS = NO;
				SWIFT_VERSION = 5.0;
				TARGETED_DEVICE_FAMILY = "1,2";
				TEST_TARGET_NAME = ShopifyApp;
			};
			name = Debug;
		};
		BE8610482BFF5003001AB5A6 /* Release */ = {
			isa = XCBuildConfiguration;
			buildSettings = {
				ALWAYS_EMBED_SWIFT_STANDARD_LIBRARIES = YES;
				CODE_SIGN_STYLE = Automatic;
				CURRENT_PROJECT_VERSION = 1;
				GENERATE_INFOPLIST_FILE = YES;
				MARKETING_VERSION = 1.0;
				PRODUCT_BUNDLE_IDENTIFIER = com.welly.ShopifyAppUITests;
				PRODUCT_NAME = "$(TARGET_NAME)";
				SWIFT_EMIT_LOC_STRINGS = NO;
				SWIFT_VERSION = 5.0;
				TARGETED_DEVICE_FAMILY = "1,2";
				TEST_TARGET_NAME = ShopifyApp;
			};
			name = Release;
		};
/* End XCBuildConfiguration section */

/* Begin XCConfigurationList section */
		BE86100E2BFF5001001AB5A6 /* Build configuration list for PBXProject "ShopifyApp" */ = {
			isa = XCConfigurationList;
			buildConfigurations = (
				BE86103E2BFF5003001AB5A6 /* Debug */,
				BE86103F2BFF5003001AB5A6 /* Release */,
			);
			defaultConfigurationIsVisible = 0;
			defaultConfigurationName = Release;
		};
		BE8610402BFF5003001AB5A6 /* Build configuration list for PBXNativeTarget "ShopifyApp" */ = {
			isa = XCConfigurationList;
			buildConfigurations = (
				BE8610412BFF5003001AB5A6 /* Debug */,
				BE8610422BFF5003001AB5A6 /* Release */,
			);
			defaultConfigurationIsVisible = 0;
			defaultConfigurationName = Release;
		};
		BE8610432BFF5003001AB5A6 /* Build configuration list for PBXNativeTarget "ShopifyAppTests" */ = {
			isa = XCConfigurationList;
			buildConfigurations = (
				BE8610442BFF5003001AB5A6 /* Debug */,
				BE8610452BFF5003001AB5A6 /* Release */,
			);
			defaultConfigurationIsVisible = 0;
			defaultConfigurationName = Release;
		};
		BE8610462BFF5003001AB5A6 /* Build configuration list for PBXNativeTarget "ShopifyAppUITests" */ = {
			isa = XCConfigurationList;
			buildConfigurations = (
				BE8610472BFF5003001AB5A6 /* Debug */,
				BE8610482BFF5003001AB5A6 /* Release */,
			);
			defaultConfigurationIsVisible = 0;
			defaultConfigurationName = Release;
		};
/* End XCConfigurationList section */

/* Begin XCVersionGroup section */
		BE86101F2BFF5001001AB5A6 /* ShopifyApp.xcdatamodeld */ = {
			isa = XCVersionGroup;
			children = (
				BE8610202BFF5001001AB5A6 /* ShopifyApp.xcdatamodel */,
			);
			currentVersion = BE8610202BFF5001001AB5A6 /* ShopifyApp.xcdatamodel */;
			path = ShopifyApp.xcdatamodeld;
			sourceTree = "<group>";
			versionGroupType = wrapper.xcdatamodel;
		};
/* End XCVersionGroup section */
	};
	rootObject = BE86100B2BFF5001001AB5A6 /* Project object */;
}
