// !$*UTF8*$!
{
	archiveVersion = 1;
	classes = {
	};
	objectVersion = 56;
	objects = {

/* Begin PBXBuildFile section */
		034623392C0C885E003A9B50 /* Samuel.storyboard in Resources */ = {isa = PBXBuildFile; fileRef = 034623382C0C885E003A9B50 /* Samuel.storyboard */; };
		0346233B2C0C89F9003A9B50 /* SignupViewController.swift in Sources */ = {isa = PBXBuildFile; fileRef = 0346233A2C0C89F9003A9B50 /* SignupViewController.swift */; };
		034623402C0C916F003A9B50 /* LoginViewController.swift in Sources */ = {isa = PBXBuildFile; fileRef = 0346233F2C0C916F003A9B50 /* LoginViewController.swift */; };
		034623622C0CB66E003A9B50 /* GoogleService-Info.plist in Resources */ = {isa = PBXBuildFile; fileRef = 034623612C0CB66E003A9B50 /* GoogleService-Info.plist */; };
		034623652C0CC6B4003A9B50 /* FirebaseAnalytics in Frameworks */ = {isa = PBXBuildFile; productRef = 034623642C0CC6B4003A9B50 /* FirebaseAnalytics */; };
		034623672C0CC6B4003A9B50 /* FirebaseAnalyticsSwift in Frameworks */ = {isa = PBXBuildFile; productRef = 034623662C0CC6B4003A9B50 /* FirebaseAnalyticsSwift */; };
		034623692C0CC6B4003A9B50 /* FirebaseAuth in Frameworks */ = {isa = PBXBuildFile; productRef = 034623682C0CC6B4003A9B50 /* FirebaseAuth */; };
		037F48982C0DC6EB001DDA55 /* Customer.swift in Sources */ = {isa = PBXBuildFile; fileRef = 037F48972C0DC6EB001DDA55 /* Customer.swift */; };
		037F489B2C0DC76A001DDA55 /* AuthenticationManager.swift in Sources */ = {isa = PBXBuildFile; fileRef = 037F489A2C0DC76A001DDA55 /* AuthenticationManager.swift */; };
		03C7B4062C02AABC00D63144 /* SignupScreenViewModel.swift in Sources */ = {isa = PBXBuildFile; fileRef = 03C7B4052C02AABC00D63144 /* SignupScreenViewModel.swift */; };
		BE8610172BFF5001001AB5A6 /* AppDelegate.swift in Sources */ = {isa = PBXBuildFile; fileRef = BE8610162BFF5001001AB5A6 /* AppDelegate.swift */; };
		BE8610192BFF5001001AB5A6 /* SceneDelegate.swift in Sources */ = {isa = PBXBuildFile; fileRef = BE8610182BFF5001001AB5A6 /* SceneDelegate.swift */; };
		BE86101B2BFF5001001AB5A6 /* ViewController.swift in Sources */ = {isa = PBXBuildFile; fileRef = BE86101A2BFF5001001AB5A6 /* ViewController.swift */; };
		BE86101E2BFF5001001AB5A6 /* Base in Resources */ = {isa = PBXBuildFile; fileRef = BE86101D2BFF5001001AB5A6 /* Base */; };
		BE8610212BFF5001001AB5A6 /* ShopifyApp.xcdatamodeld in Sources */ = {isa = PBXBuildFile; fileRef = BE86101F2BFF5001001AB5A6 /* ShopifyApp.xcdatamodeld */; };
		BE8610232BFF5002001AB5A6 /* Assets.xcassets in Resources */ = {isa = PBXBuildFile; fileRef = BE8610222BFF5002001AB5A6 /* Assets.xcassets */; };
		BE8610262BFF5002001AB5A6 /* Base in Resources */ = {isa = PBXBuildFile; fileRef = BE8610252BFF5002001AB5A6 /* Base */; };
		BE8610312BFF5003001AB5A6 /* ShopifyAppTests.swift in Sources */ = {isa = PBXBuildFile; fileRef = BE8610302BFF5003001AB5A6 /* ShopifyAppTests.swift */; };
		BE86103B2BFF5003001AB5A6 /* ShopifyAppUITests.swift in Sources */ = {isa = PBXBuildFile; fileRef = BE86103A2BFF5003001AB5A6 /* ShopifyAppUITests.swift */; };
		BE86103D2BFF5003001AB5A6 /* ShopifyAppUITestsLaunchTests.swift in Sources */ = {isa = PBXBuildFile; fileRef = BE86103C2BFF5003001AB5A6 /* ShopifyAppUITestsLaunchTests.swift */; };
/* End PBXBuildFile section */

/* Begin PBXContainerItemProxy section */
		BE86102D2BFF5003001AB5A6 /* PBXContainerItemProxy */ = {
			isa = PBXContainerItemProxy;
			containerPortal = BE86100B2BFF5001001AB5A6 /* Project object */;
			proxyType = 1;
			remoteGlobalIDString = BE8610122BFF5001001AB5A6;
			remoteInfo = ShopifyApp;
		};
		BE8610372BFF5003001AB5A6 /* PBXContainerItemProxy */ = {
			isa = PBXContainerItemProxy;
			containerPortal = BE86100B2BFF5001001AB5A6 /* Project object */;
			proxyType = 1;
			remoteGlobalIDString = BE8610122BFF5001001AB5A6;
			remoteInfo = ShopifyApp;
		};
/* End PBXContainerItemProxy section */

/* Begin PBXFileReference section */
		034623382C0C885E003A9B50 /* Samuel.storyboard */ = {isa = PBXFileReference; lastKnownFileType = file.storyboard; path = Samuel.storyboard; sourceTree = "<group>"; };
		0346233A2C0C89F9003A9B50 /* SignupViewController.swift */ = {isa = PBXFileReference; lastKnownFileType = sourcecode.swift; path = SignupViewController.swift; sourceTree = "<group>"; };
		0346233F2C0C916F003A9B50 /* LoginViewController.swift */ = {isa = PBXFileReference; lastKnownFileType = sourcecode.swift; path = LoginViewController.swift; sourceTree = "<group>"; };
		034623612C0CB66E003A9B50 /* GoogleService-Info.plist */ = {isa = PBXFileReference; fileEncoding = 4; lastKnownFileType = text.plist.xml; name = "GoogleService-Info.plist"; path = "../../../Downloads/GoogleService-Info.plist"; sourceTree = "<group>"; };
		037F48972C0DC6EB001DDA55 /* Customer.swift */ = {isa = PBXFileReference; lastKnownFileType = sourcecode.swift; path = Customer.swift; sourceTree = "<group>"; };
		037F489A2C0DC76A001DDA55 /* AuthenticationManager.swift */ = {isa = PBXFileReference; lastKnownFileType = sourcecode.swift; path = AuthenticationManager.swift; sourceTree = "<group>"; };
		03C7B4052C02AABC00D63144 /* SignupScreenViewModel.swift */ = {isa = PBXFileReference; lastKnownFileType = sourcecode.swift; path = SignupScreenViewModel.swift; sourceTree = "<group>"; };
		BE8610132BFF5001001AB5A6 /* ShopifyApp.app */ = {isa = PBXFileReference; explicitFileType = wrapper.application; includeInIndex = 0; path = ShopifyApp.app; sourceTree = BUILT_PRODUCTS_DIR; };
		BE8610162BFF5001001AB5A6 /* AppDelegate.swift */ = {isa = PBXFileReference; lastKnownFileType = sourcecode.swift; path = AppDelegate.swift; sourceTree = "<group>"; };
		BE8610182BFF5001001AB5A6 /* SceneDelegate.swift */ = {isa = PBXFileReference; lastKnownFileType = sourcecode.swift; path = SceneDelegate.swift; sourceTree = "<group>"; };
		BE86101A2BFF5001001AB5A6 /* ViewController.swift */ = {isa = PBXFileReference; lastKnownFileType = sourcecode.swift; path = ViewController.swift; sourceTree = "<group>"; };
		BE86101D2BFF5001001AB5A6 /* Base */ = {isa = PBXFileReference; lastKnownFileType = file.storyboard; name = Base; path = Base.lproj/Main.storyboard; sourceTree = "<group>"; };
		BE8610202BFF5001001AB5A6 /* ShopifyApp.xcdatamodel */ = {isa = PBXFileReference; lastKnownFileType = wrapper.xcdatamodel; path = ShopifyApp.xcdatamodel; sourceTree = "<group>"; };
		BE8610222BFF5002001AB5A6 /* Assets.xcassets */ = {isa = PBXFileReference; lastKnownFileType = folder.assetcatalog; path = Assets.xcassets; sourceTree = "<group>"; };
		BE8610252BFF5002001AB5A6 /* Base */ = {isa = PBXFileReference; lastKnownFileType = file.storyboard; name = Base; path = Base.lproj/LaunchScreen.storyboard; sourceTree = "<group>"; };
		BE8610272BFF5002001AB5A6 /* Info.plist */ = {isa = PBXFileReference; lastKnownFileType = text.plist.xml; path = Info.plist; sourceTree = "<group>"; };
		BE86102C2BFF5003001AB5A6 /* ShopifyAppTests.xctest */ = {isa = PBXFileReference; explicitFileType = wrapper.cfbundle; includeInIndex = 0; path = ShopifyAppTests.xctest; sourceTree = BUILT_PRODUCTS_DIR; };
		BE8610302BFF5003001AB5A6 /* ShopifyAppTests.swift */ = {isa = PBXFileReference; lastKnownFileType = sourcecode.swift; path = ShopifyAppTests.swift; sourceTree = "<group>"; };
		BE8610362BFF5003001AB5A6 /* ShopifyAppUITests.xctest */ = {isa = PBXFileReference; explicitFileType = wrapper.cfbundle; includeInIndex = 0; path = ShopifyAppUITests.xctest; sourceTree = BUILT_PRODUCTS_DIR; };
		BE86103A2BFF5003001AB5A6 /* ShopifyAppUITests.swift */ = {isa = PBXFileReference; lastKnownFileType = sourcecode.swift; path = ShopifyAppUITests.swift; sourceTree = "<group>"; };
		BE86103C2BFF5003001AB5A6 /* ShopifyAppUITestsLaunchTests.swift */ = {isa = PBXFileReference; lastKnownFileType = sourcecode.swift; path = ShopifyAppUITestsLaunchTests.swift; sourceTree = "<group>"; };
/* End PBXFileReference section */

/* Begin PBXFrameworksBuildPhase section */
		BE8610102BFF5001001AB5A6 /* Frameworks */ = {
			isa = PBXFrameworksBuildPhase;
			buildActionMask = 2147483647;
			files = (
				034623672C0CC6B4003A9B50 /* FirebaseAnalyticsSwift in Frameworks */,
				034623692C0CC6B4003A9B50 /* FirebaseAuth in Frameworks */,
				034623652C0CC6B4003A9B50 /* FirebaseAnalytics in Frameworks */,
			);
			runOnlyForDeploymentPostprocessing = 0;
		};
		BE8610292BFF5003001AB5A6 /* Frameworks */ = {
			isa = PBXFrameworksBuildPhase;
			buildActionMask = 2147483647;
			files = (
			);
			runOnlyForDeploymentPostprocessing = 0;
		};
		BE8610332BFF5003001AB5A6 /* Frameworks */ = {
			isa = PBXFrameworksBuildPhase;
			buildActionMask = 2147483647;
			files = (
			);
			runOnlyForDeploymentPostprocessing = 0;
		};
/* End PBXFrameworksBuildPhase section */

/* Begin PBXGroup section */
		0346233C2C0C9146003A9B50 /* Login */ = {
			isa = PBXGroup;
			children = (
				0346233E2C0C9160003A9B50 /* View */,
			);
			path = Login;
			sourceTree = "<group>";
		};
		0346233E2C0C9160003A9B50 /* View */ = {
			isa = PBXGroup;
			children = (
				0346233F2C0C916F003A9B50 /* LoginViewController.swift */,
			);
			path = View;
			sourceTree = "<group>";
		};
		037F48992C0DC756001DDA55 /* Services */ = {
			isa = PBXGroup;
			children = (
				037F489A2C0DC76A001DDA55 /* AuthenticationManager.swift */,
			);
			path = Services;
			sourceTree = "<group>";
		};
		03C7B4012C02AA8E00D63144 /* Signup */ = {
			isa = PBXGroup;
			children = (
				03C7B4042C02AAA600D63144 /* ViewModel */,
				03C7B4032C02AAA000D63144 /* Model */,
				03C7B4022C02AA9B00D63144 /* View */,
			);
			path = Signup;
			sourceTree = "<group>";
		};
		03C7B4022C02AA9B00D63144 /* View */ = {
			isa = PBXGroup;
			children = (
				0346233A2C0C89F9003A9B50 /* SignupViewController.swift */,
			);
			path = View;
			sourceTree = "<group>";
		};
		03C7B4032C02AAA000D63144 /* Model */ = {
			isa = PBXGroup;
			children = (
				037F48972C0DC6EB001DDA55 /* Customer.swift */,
			);
			path = Model;
			sourceTree = "<group>";
		};
		03C7B4042C02AAA600D63144 /* ViewModel */ = {
			isa = PBXGroup;
			children = (
				03C7B4052C02AABC00D63144 /* SignupScreenViewModel.swift */,
			);
			path = ViewModel;
			sourceTree = "<group>";
		};
		BE86100A2BFF5001001AB5A6 = {
			isa = PBXGroup;
			children = (
				BE8610152BFF5001001AB5A6 /* ShopifyApp */,
				BE86102F2BFF5003001AB5A6 /* ShopifyAppTests */,
				BE8610392BFF5003001AB5A6 /* ShopifyAppUITests */,
				BE8610142BFF5001001AB5A6 /* Products */,
			);
			sourceTree = "<group>";
		};
		BE8610142BFF5001001AB5A6 /* Products */ = {
			isa = PBXGroup;
			children = (
				BE8610132BFF5001001AB5A6 /* ShopifyApp.app */,
				BE86102C2BFF5003001AB5A6 /* ShopifyAppTests.xctest */,
				BE8610362BFF5003001AB5A6 /* ShopifyAppUITests.xctest */,
			);
			name = Products;
			sourceTree = "<group>";
		};
		BE8610152BFF5001001AB5A6 /* ShopifyApp */ = {
			isa = PBXGroup;
			children = (
				037F48992C0DC756001DDA55 /* Services */,
				0346233C2C0C9146003A9B50 /* Login */,
				03C7B4012C02AA8E00D63144 /* Signup */,
				BE8610162BFF5001001AB5A6 /* AppDelegate.swift */,
				BE8610182BFF5001001AB5A6 /* SceneDelegate.swift */,
				BE86101A2BFF5001001AB5A6 /* ViewController.swift */,
				BE86101C2BFF5001001AB5A6 /* Main.storyboard */,
				034623382C0C885E003A9B50 /* Samuel.storyboard */,
				BE8610222BFF5002001AB5A6 /* Assets.xcassets */,
				BE8610242BFF5002001AB5A6 /* LaunchScreen.storyboard */,
				BE8610272BFF5002001AB5A6 /* Info.plist */,
				034623612C0CB66E003A9B50 /* GoogleService-Info.plist */,
				BE86101F2BFF5001001AB5A6 /* ShopifyApp.xcdatamodeld */,
			);
			path = ShopifyApp;
			sourceTree = "<group>";
		};
		BE86102F2BFF5003001AB5A6 /* ShopifyAppTests */ = {
			isa = PBXGroup;
			children = (
				BE8610302BFF5003001AB5A6 /* ShopifyAppTests.swift */,
			);
			path = ShopifyAppTests;
			sourceTree = "<group>";
		};
		BE8610392BFF5003001AB5A6 /* ShopifyAppUITests */ = {
			isa = PBXGroup;
			children = (
				BE86103A2BFF5003001AB5A6 /* ShopifyAppUITests.swift */,
				BE86103C2BFF5003001AB5A6 /* ShopifyAppUITestsLaunchTests.swift */,
			);
			path = ShopifyAppUITests;
			sourceTree = "<group>";
		};
/* End PBXGroup section */

/* Begin PBXNativeTarget section */
		BE8610122BFF5001001AB5A6 /* ShopifyApp */ = {
			isa = PBXNativeTarget;
			buildConfigurationList = BE8610402BFF5003001AB5A6 /* Build configuration list for PBXNativeTarget "ShopifyApp" */;
			buildPhases = (
				BE86100F2BFF5001001AB5A6 /* Sources */,
				BE8610102BFF5001001AB5A6 /* Frameworks */,
				BE8610112BFF5001001AB5A6 /* Resources */,
			);
			buildRules = (
			);
			dependencies = (
			);
			name = ShopifyApp;
			packageProductDependencies = (
				034623642C0CC6B4003A9B50 /* FirebaseAnalytics */,
				034623662C0CC6B4003A9B50 /* FirebaseAnalyticsSwift */,
				034623682C0CC6B4003A9B50 /* FirebaseAuth */,
			);
			productName = ShopifyApp;
			productReference = BE8610132BFF5001001AB5A6 /* ShopifyApp.app */;
			productType = "com.apple.product-type.application";
		};
		BE86102B2BFF5003001AB5A6 /* ShopifyAppTests */ = {
			isa = PBXNativeTarget;
			buildConfigurationList = BE8610432BFF5003001AB5A6 /* Build configuration list for PBXNativeTarget "ShopifyAppTests" */;
			buildPhases = (
				BE8610282BFF5003001AB5A6 /* Sources */,
				BE8610292BFF5003001AB5A6 /* Frameworks */,
				BE86102A2BFF5003001AB5A6 /* Resources */,
			);
			buildRules = (
			);
			dependencies = (
				BE86102E2BFF5003001AB5A6 /* PBXTargetDependency */,
			);
			name = ShopifyAppTests;
			productName = ShopifyAppTests;
			productReference = BE86102C2BFF5003001AB5A6 /* ShopifyAppTests.xctest */;
			productType = "com.apple.product-type.bundle.unit-test";
		};
		BE8610352BFF5003001AB5A6 /* ShopifyAppUITests */ = {
			isa = PBXNativeTarget;
			buildConfigurationList = BE8610462BFF5003001AB5A6 /* Build configuration list for PBXNativeTarget "ShopifyAppUITests" */;
			buildPhases = (
				BE8610322BFF5003001AB5A6 /* Sources */,
				BE8610332BFF5003001AB5A6 /* Frameworks */,
				BE8610342BFF5003001AB5A6 /* Resources */,
			);
			buildRules = (
			);
			dependencies = (
				BE8610382BFF5003001AB5A6 /* PBXTargetDependency */,
			);
			name = ShopifyAppUITests;
			productName = ShopifyAppUITests;
			productReference = BE8610362BFF5003001AB5A6 /* ShopifyAppUITests.xctest */;
			productType = "com.apple.product-type.bundle.ui-testing";
		};
/* End PBXNativeTarget section */

/* Begin PBXProject section */
		BE86100B2BFF5001001AB5A6 /* Project object */ = {
			isa = PBXProject;
			attributes = {
				BuildIndependentTargetsInParallel = 1;
				LastSwiftUpdateCheck = 1530;
				LastUpgradeCheck = 1530;
				TargetAttributes = {
					BE8610122BFF5001001AB5A6 = {
						CreatedOnToolsVersion = 15.3;
					};
					BE86102B2BFF5003001AB5A6 = {
						CreatedOnToolsVersion = 15.3;
						TestTargetID = BE8610122BFF5001001AB5A6;
					};
					BE8610352BFF5003001AB5A6 = {
						CreatedOnToolsVersion = 15.3;
						TestTargetID = BE8610122BFF5001001AB5A6;
					};
				};
			};
			buildConfigurationList = BE86100E2BFF5001001AB5A6 /* Build configuration list for PBXProject "ShopifyApp" */;
			compatibilityVersion = "Xcode 14.0";
			developmentRegion = en;
			hasScannedForEncodings = 0;
			knownRegions = (
				en,
				Base,
			);
			mainGroup = BE86100A2BFF5001001AB5A6;
			packageReferences = (
				034623632C0CC6B4003A9B50 /* XCRemoteSwiftPackageReference "firebase-ios-sdk" */,
			);
			productRefGroup = BE8610142BFF5001001AB5A6 /* Products */;
			projectDirPath = "";
			projectRoot = "";
			targets = (
				BE8610122BFF5001001AB5A6 /* ShopifyApp */,
				BE86102B2BFF5003001AB5A6 /* ShopifyAppTests */,
				BE8610352BFF5003001AB5A6 /* ShopifyAppUITests */,
			);
		};
/* End PBXProject section */

/* Begin PBXResourcesBuildPhase section */
		BE8610112BFF5001001AB5A6 /* Resources */ = {
			isa = PBXResourcesBuildPhase;
			buildActionMask = 2147483647;
			files = (
				BE8610232BFF5002001AB5A6 /* Assets.xcassets in Resources */,
				BE8610262BFF5002001AB5A6 /* Base in Resources */,
				034623622C0CB66E003A9B50 /* GoogleService-Info.plist in Resources */,
				BE86101E2BFF5001001AB5A6 /* Base in Resources */,
				034623392C0C885E003A9B50 /* Samuel.storyboard in Resources */,
			);
			runOnlyForDeploymentPostprocessing = 0;
		};
		BE86102A2BFF5003001AB5A6 /* Resources */ = {
			isa = PBXResourcesBuildPhase;
			buildActionMask = 2147483647;
			files = (
			);
			runOnlyForDeploymentPostprocessing = 0;
		};
		BE8610342BFF5003001AB5A6 /* Resources */ = {
			isa = PBXResourcesBuildPhase;
			buildActionMask = 2147483647;
			files = (
			);
			runOnlyForDeploymentPostprocessing = 0;
		};
/* End PBXResourcesBuildPhase section */

/* Begin PBXSourcesBuildPhase section */
		BE86100F2BFF5001001AB5A6 /* Sources */ = {
			isa = PBXSourcesBuildPhase;
			buildActionMask = 2147483647;
			files = (
				034623402C0C916F003A9B50 /* LoginViewController.swift in Sources */,
				0346233B2C0C89F9003A9B50 /* SignupViewController.swift in Sources */,
				03C7B4062C02AABC00D63144 /* SignupScreenViewModel.swift in Sources */,
				037F489B2C0DC76A001DDA55 /* AuthenticationManager.swift in Sources */,
				037F48982C0DC6EB001DDA55 /* Customer.swift in Sources */,
				BE86101B2BFF5001001AB5A6 /* ViewController.swift in Sources */,
				BE8610172BFF5001001AB5A6 /* AppDelegate.swift in Sources */,
				BE8610212BFF5001001AB5A6 /* ShopifyApp.xcdatamodeld in Sources */,
				BE8610192BFF5001001AB5A6 /* SceneDelegate.swift in Sources */,
			);
			runOnlyForDeploymentPostprocessing = 0;
		};
		BE8610282BFF5003001AB5A6 /* Sources */ = {
			isa = PBXSourcesBuildPhase;
			buildActionMask = 2147483647;
			files = (
				BE8610312BFF5003001AB5A6 /* ShopifyAppTests.swift in Sources */,
			);
			runOnlyForDeploymentPostprocessing = 0;
		};
		BE8610322BFF5003001AB5A6 /* Sources */ = {
			isa = PBXSourcesBuildPhase;
			buildActionMask = 2147483647;
			files = (
				BE86103B2BFF5003001AB5A6 /* ShopifyAppUITests.swift in Sources */,
				BE86103D2BFF5003001AB5A6 /* ShopifyAppUITestsLaunchTests.swift in Sources */,
			);
			runOnlyForDeploymentPostprocessing = 0;
		};
/* End PBXSourcesBuildPhase section */

/* Begin PBXTargetDependency section */
		BE86102E2BFF5003001AB5A6 /* PBXTargetDependency */ = {
			isa = PBXTargetDependency;
			target = BE8610122BFF5001001AB5A6 /* ShopifyApp */;
			targetProxy = BE86102D2BFF5003001AB5A6 /* PBXContainerItemProxy */;
		};
		BE8610382BFF5003001AB5A6 /* PBXTargetDependency */ = {
			isa = PBXTargetDependency;
			target = BE8610122BFF5001001AB5A6 /* ShopifyApp */;
			targetProxy = BE8610372BFF5003001AB5A6 /* PBXContainerItemProxy */;
		};
/* End PBXTargetDependency section */

/* Begin PBXVariantGroup section */
		BE86101C2BFF5001001AB5A6 /* Main.storyboard */ = {
			isa = PBXVariantGroup;
			children = (
				BE86101D2BFF5001001AB5A6 /* Base */,
			);
			name = Main.storyboard;
			sourceTree = "<group>";
		};
		BE8610242BFF5002001AB5A6 /* LaunchScreen.storyboard */ = {
			isa = PBXVariantGroup;
			children = (
				BE8610252BFF5002001AB5A6 /* Base */,
			);
			name = LaunchScreen.storyboard;
			sourceTree = "<group>";
		};
/* End PBXVariantGroup section */

/* Begin XCBuildConfiguration section */
		BE86103E2BFF5003001AB5A6 /* Debug */ = {
			isa = XCBuildConfiguration;
			buildSettings = {
				ALWAYS_SEARCH_USER_PATHS = NO;
				ASSETCATALOG_COMPILER_GENERATE_SWIFT_ASSET_SYMBOL_EXTENSIONS = YES;
				CLANG_ANALYZER_NONNULL = YES;
				CLANG_ANALYZER_NUMBER_OBJECT_CONVERSION = YES_AGGRESSIVE;
				CLANG_CXX_LANGUAGE_STANDARD = "gnu++20";
				CLANG_ENABLE_MODULES = YES;
				CLANG_ENABLE_OBJC_ARC = YES;
				CLANG_ENABLE_OBJC_WEAK = YES;
				CLANG_WARN_BLOCK_CAPTURE_AUTORELEASING = YES;
				CLANG_WARN_BOOL_CONVERSION = YES;
				CLANG_WARN_COMMA = YES;
				CLANG_WARN_CONSTANT_CONVERSION = YES;
				CLANG_WARN_DEPRECATED_OBJC_IMPLEMENTATIONS = YES;
				CLANG_WARN_DIRECT_OBJC_ISA_USAGE = YES_ERROR;
				CLANG_WARN_DOCUMENTATION_COMMENTS = YES;
				CLANG_WARN_EMPTY_BODY = YES;
				CLANG_WARN_ENUM_CONVERSION = YES;
				CLANG_WARN_INFINITE_RECURSION = YES;
				CLANG_WARN_INT_CONVERSION = YES;
				CLANG_WARN_NON_LITERAL_NULL_CONVERSION = YES;
				CLANG_WARN_OBJC_IMPLICIT_RETAIN_SELF = YES;
				CLANG_WARN_OBJC_LITERAL_CONVERSION = YES;
				CLANG_WARN_OBJC_ROOT_CLASS = YES_ERROR;
				CLANG_WARN_QUOTED_INCLUDE_IN_FRAMEWORK_HEADER = YES;
				CLANG_WARN_RANGE_LOOP_ANALYSIS = YES;
				CLANG_WARN_STRICT_PROTOTYPES = YES;
				CLANG_WARN_SUSPICIOUS_MOVE = YES;
				CLANG_WARN_UNGUARDED_AVAILABILITY = YES_AGGRESSIVE;
				CLANG_WARN_UNREACHABLE_CODE = YES;
				CLANG_WARN__DUPLICATE_METHOD_MATCH = YES;
				COPY_PHASE_STRIP = NO;
				DEBUG_INFORMATION_FORMAT = dwarf;
				ENABLE_STRICT_OBJC_MSGSEND = YES;
				ENABLE_TESTABILITY = YES;
				ENABLE_USER_SCRIPT_SANDBOXING = YES;
				GCC_C_LANGUAGE_STANDARD = gnu17;
				GCC_DYNAMIC_NO_PIC = NO;
				GCC_NO_COMMON_BLOCKS = YES;
				GCC_OPTIMIZATION_LEVEL = 0;
				GCC_PREPROCESSOR_DEFINITIONS = (
					"DEBUG=1",
					"$(inherited)",
				);
				GCC_WARN_64_TO_32_BIT_CONVERSION = YES;
				GCC_WARN_ABOUT_RETURN_TYPE = YES_ERROR;
				GCC_WARN_UNDECLARED_SELECTOR = YES;
				GCC_WARN_UNINITIALIZED_AUTOS = YES_AGGRESSIVE;
				GCC_WARN_UNUSED_FUNCTION = YES;
				GCC_WARN_UNUSED_VARIABLE = YES;
				IPHONEOS_DEPLOYMENT_TARGET = 17.4;
				LOCALIZATION_PREFERS_STRING_CATALOGS = YES;
				MTL_ENABLE_DEBUG_INFO = INCLUDE_SOURCE;
				MTL_FAST_MATH = YES;
				ONLY_ACTIVE_ARCH = YES;
				SDKROOT = iphoneos;
				SWIFT_ACTIVE_COMPILATION_CONDITIONS = "DEBUG $(inherited)";
				SWIFT_OPTIMIZATION_LEVEL = "-Onone";
			};
			name = Debug;
		};
		BE86103F2BFF5003001AB5A6 /* Release */ = {
			isa = XCBuildConfiguration;
			buildSettings = {
				ALWAYS_SEARCH_USER_PATHS = NO;
				ASSETCATALOG_COMPILER_GENERATE_SWIFT_ASSET_SYMBOL_EXTENSIONS = YES;
				CLANG_ANALYZER_NONNULL = YES;
				CLANG_ANALYZER_NUMBER_OBJECT_CONVERSION = YES_AGGRESSIVE;
				CLANG_CXX_LANGUAGE_STANDARD = "gnu++20";
				CLANG_ENABLE_MODULES = YES;
				CLANG_ENABLE_OBJC_ARC = YES;
				CLANG_ENABLE_OBJC_WEAK = YES;
				CLANG_WARN_BLOCK_CAPTURE_AUTORELEASING = YES;
				CLANG_WARN_BOOL_CONVERSION = YES;
				CLANG_WARN_COMMA = YES;
				CLANG_WARN_CONSTANT_CONVERSION = YES;
				CLANG_WARN_DEPRECATED_OBJC_IMPLEMENTATIONS = YES;
				CLANG_WARN_DIRECT_OBJC_ISA_USAGE = YES_ERROR;
				CLANG_WARN_DOCUMENTATION_COMMENTS = YES;
				CLANG_WARN_EMPTY_BODY = YES;
				CLANG_WARN_ENUM_CONVERSION = YES;
				CLANG_WARN_INFINITE_RECURSION = YES;
				CLANG_WARN_INT_CONVERSION = YES;
				CLANG_WARN_NON_LITERAL_NULL_CONVERSION = YES;
				CLANG_WARN_OBJC_IMPLICIT_RETAIN_SELF = YES;
				CLANG_WARN_OBJC_LITERAL_CONVERSION = YES;
				CLANG_WARN_OBJC_ROOT_CLASS = YES_ERROR;
				CLANG_WARN_QUOTED_INCLUDE_IN_FRAMEWORK_HEADER = YES;
				CLANG_WARN_RANGE_LOOP_ANALYSIS = YES;
				CLANG_WARN_STRICT_PROTOTYPES = YES;
				CLANG_WARN_SUSPICIOUS_MOVE = YES;
				CLANG_WARN_UNGUARDED_AVAILABILITY = YES_AGGRESSIVE;
				CLANG_WARN_UNREACHABLE_CODE = YES;
				CLANG_WARN__DUPLICATE_METHOD_MATCH = YES;
				COPY_PHASE_STRIP = NO;
				DEBUG_INFORMATION_FORMAT = "dwarf-with-dsym";
				ENABLE_NS_ASSERTIONS = NO;
				ENABLE_STRICT_OBJC_MSGSEND = YES;
				ENABLE_USER_SCRIPT_SANDBOXING = YES;
				GCC_C_LANGUAGE_STANDARD = gnu17;
				GCC_NO_COMMON_BLOCKS = YES;
				GCC_WARN_64_TO_32_BIT_CONVERSION = YES;
				GCC_WARN_ABOUT_RETURN_TYPE = YES_ERROR;
				GCC_WARN_UNDECLARED_SELECTOR = YES;
				GCC_WARN_UNINITIALIZED_AUTOS = YES_AGGRESSIVE;
				GCC_WARN_UNUSED_FUNCTION = YES;
				GCC_WARN_UNUSED_VARIABLE = YES;
				IPHONEOS_DEPLOYMENT_TARGET = 17.4;
				LOCALIZATION_PREFERS_STRING_CATALOGS = YES;
				MTL_ENABLE_DEBUG_INFO = NO;
				MTL_FAST_MATH = YES;
				SDKROOT = iphoneos;
				SWIFT_COMPILATION_MODE = wholemodule;
				VALIDATE_PRODUCT = YES;
			};
			name = Release;
		};
		BE8610412BFF5003001AB5A6 /* Debug */ = {
			isa = XCBuildConfiguration;
			buildSettings = {
				ASSETCATALOG_COMPILER_APPICON_NAME = AppIcon;
				ASSETCATALOG_COMPILER_GLOBAL_ACCENT_COLOR_NAME = AccentColor;
				CODE_SIGN_STYLE = Automatic;
				CURRENT_PROJECT_VERSION = 1;
				GENERATE_INFOPLIST_FILE = YES;
				INFOPLIST_FILE = ShopifyApp/Info.plist;
				INFOPLIST_KEY_UIApplicationSupportsIndirectInputEvents = YES;
				INFOPLIST_KEY_UILaunchStoryboardName = LaunchScreen;
				INFOPLIST_KEY_UIMainStoryboardFile = Samuel;
				INFOPLIST_KEY_UISupportedInterfaceOrientations_iPad = "UIInterfaceOrientationPortrait UIInterfaceOrientationPortraitUpsideDown UIInterfaceOrientationLandscapeLeft UIInterfaceOrientationLandscapeRight";
				INFOPLIST_KEY_UISupportedInterfaceOrientations_iPhone = "UIInterfaceOrientationPortrait UIInterfaceOrientationLandscapeLeft UIInterfaceOrientationLandscapeRight";
				IPHONEOS_DEPLOYMENT_TARGET = 16.2;
				LD_RUNPATH_SEARCH_PATHS = (
					"$(inherited)",
					"@executable_path/Frameworks",
				);
				MARKETING_VERSION = 1.0;
				PRODUCT_BUNDLE_IDENTIFIER = com.welly.ShopifyApp;
				PRODUCT_NAME = "$(TARGET_NAME)";
				SWIFT_EMIT_LOC_STRINGS = YES;
				SWIFT_VERSION = 5.0;
				TARGETED_DEVICE_FAMILY = "1,2";
			};
			name = Debug;
		};
		BE8610422BFF5003001AB5A6 /* Release */ = {
			isa = XCBuildConfiguration;
			buildSettings = {
				ASSETCATALOG_COMPILER_APPICON_NAME = AppIcon;
				ASSETCATALOG_COMPILER_GLOBAL_ACCENT_COLOR_NAME = AccentColor;
				CODE_SIGN_STYLE = Automatic;
				CURRENT_PROJECT_VERSION = 1;
				GENERATE_INFOPLIST_FILE = YES;
				INFOPLIST_FILE = ShopifyApp/Info.plist;
				INFOPLIST_KEY_UIApplicationSupportsIndirectInputEvents = YES;
				INFOPLIST_KEY_UILaunchStoryboardName = LaunchScreen;
				INFOPLIST_KEY_UIMainStoryboardFile = Samuel;
				INFOPLIST_KEY_UISupportedInterfaceOrientations_iPad = "UIInterfaceOrientationPortrait UIInterfaceOrientationPortraitUpsideDown UIInterfaceOrientationLandscapeLeft UIInterfaceOrientationLandscapeRight";
				INFOPLIST_KEY_UISupportedInterfaceOrientations_iPhone = "UIInterfaceOrientationPortrait UIInterfaceOrientationLandscapeLeft UIInterfaceOrientationLandscapeRight";
				IPHONEOS_DEPLOYMENT_TARGET = 16.2;
				LD_RUNPATH_SEARCH_PATHS = (
					"$(inherited)",
					"@executable_path/Frameworks",
				);
				MARKETING_VERSION = 1.0;
				PRODUCT_BUNDLE_IDENTIFIER = com.welly.ShopifyApp;
				PRODUCT_NAME = "$(TARGET_NAME)";
				SWIFT_EMIT_LOC_STRINGS = YES;
				SWIFT_VERSION = 5.0;
				TARGETED_DEVICE_FAMILY = "1,2";
			};
			name = Release;
		};
		BE8610442BFF5003001AB5A6 /* Debug */ = {
			isa = XCBuildConfiguration;
			buildSettings = {
				ALWAYS_EMBED_SWIFT_STANDARD_LIBRARIES = YES;
				BUNDLE_LOADER = "$(TEST_HOST)";
				CODE_SIGN_STYLE = Automatic;
				CURRENT_PROJECT_VERSION = 1;
				GENERATE_INFOPLIST_FILE = YES;
				IPHONEOS_DEPLOYMENT_TARGET = 17.4;
				MARKETING_VERSION = 1.0;
				PRODUCT_BUNDLE_IDENTIFIER = com.welly.ShopifyAppTests;
				PRODUCT_NAME = "$(TARGET_NAME)";
				SWIFT_EMIT_LOC_STRINGS = NO;
				SWIFT_VERSION = 5.0;
				TARGETED_DEVICE_FAMILY = "1,2";
				TEST_HOST = "$(BUILT_PRODUCTS_DIR)/ShopifyApp.app/$(BUNDLE_EXECUTABLE_FOLDER_PATH)/ShopifyApp";
			};
			name = Debug;
		};
		BE8610452BFF5003001AB5A6 /* Release */ = {
			isa = XCBuildConfiguration;
			buildSettings = {
				ALWAYS_EMBED_SWIFT_STANDARD_LIBRARIES = YES;
				BUNDLE_LOADER = "$(TEST_HOST)";
				CODE_SIGN_STYLE = Automatic;
				CURRENT_PROJECT_VERSION = 1;
				GENERATE_INFOPLIST_FILE = YES;
				IPHONEOS_DEPLOYMENT_TARGET = 17.4;
				MARKETING_VERSION = 1.0;
				PRODUCT_BUNDLE_IDENTIFIER = com.welly.ShopifyAppTests;
				PRODUCT_NAME = "$(TARGET_NAME)";
				SWIFT_EMIT_LOC_STRINGS = NO;
				SWIFT_VERSION = 5.0;
				TARGETED_DEVICE_FAMILY = "1,2";
				TEST_HOST = "$(BUILT_PRODUCTS_DIR)/ShopifyApp.app/$(BUNDLE_EXECUTABLE_FOLDER_PATH)/ShopifyApp";
			};
			name = Release;
		};
		BE8610472BFF5003001AB5A6 /* Debug */ = {
			isa = XCBuildConfiguration;
			buildSettings = {
				ALWAYS_EMBED_SWIFT_STANDARD_LIBRARIES = YES;
				CODE_SIGN_STYLE = Automatic;
				CURRENT_PROJECT_VERSION = 1;
				GENERATE_INFOPLIST_FILE = YES;
				MARKETING_VERSION = 1.0;
				PRODUCT_BUNDLE_IDENTIFIER = com.welly.ShopifyAppUITests;
				PRODUCT_NAME = "$(TARGET_NAME)";
				SWIFT_EMIT_LOC_STRINGS = NO;
				SWIFT_VERSION = 5.0;
				TARGETED_DEVICE_FAMILY = "1,2";
				TEST_TARGET_NAME = ShopifyApp;
			};
			name = Debug;
		};
		BE8610482BFF5003001AB5A6 /* Release */ = {
			isa = XCBuildConfiguration;
			buildSettings = {
				ALWAYS_EMBED_SWIFT_STANDARD_LIBRARIES = YES;
				CODE_SIGN_STYLE = Automatic;
				CURRENT_PROJECT_VERSION = 1;
				GENERATE_INFOPLIST_FILE = YES;
				MARKETING_VERSION = 1.0;
				PRODUCT_BUNDLE_IDENTIFIER = com.welly.ShopifyAppUITests;
				PRODUCT_NAME = "$(TARGET_NAME)";
				SWIFT_EMIT_LOC_STRINGS = NO;
				SWIFT_VERSION = 5.0;
				TARGETED_DEVICE_FAMILY = "1,2";
				TEST_TARGET_NAME = ShopifyApp;
			};
			name = Release;
		};
/* End XCBuildConfiguration section */

/* Begin XCConfigurationList section */
		BE86100E2BFF5001001AB5A6 /* Build configuration list for PBXProject "ShopifyApp" */ = {
			isa = XCConfigurationList;
			buildConfigurations = (
				BE86103E2BFF5003001AB5A6 /* Debug */,
				BE86103F2BFF5003001AB5A6 /* Release */,
			);
			defaultConfigurationIsVisible = 0;
			defaultConfigurationName = Release;
		};
		BE8610402BFF5003001AB5A6 /* Build configuration list for PBXNativeTarget "ShopifyApp" */ = {
			isa = XCConfigurationList;
			buildConfigurations = (
				BE8610412BFF5003001AB5A6 /* Debug */,
				BE8610422BFF5003001AB5A6 /* Release */,
			);
			defaultConfigurationIsVisible = 0;
			defaultConfigurationName = Release;
		};
		BE8610432BFF5003001AB5A6 /* Build configuration list for PBXNativeTarget "ShopifyAppTests" */ = {
			isa = XCConfigurationList;
			buildConfigurations = (
				BE8610442BFF5003001AB5A6 /* Debug */,
				BE8610452BFF5003001AB5A6 /* Release */,
			);
			defaultConfigurationIsVisible = 0;
			defaultConfigurationName = Release;
		};
		BE8610462BFF5003001AB5A6 /* Build configuration list for PBXNativeTarget "ShopifyAppUITests" */ = {
			isa = XCConfigurationList;
			buildConfigurations = (
				BE8610472BFF5003001AB5A6 /* Debug */,
				BE8610482BFF5003001AB5A6 /* Release */,
			);
			defaultConfigurationIsVisible = 0;
			defaultConfigurationName = Release;
		};
/* End XCConfigurationList section */

/* Begin XCRemoteSwiftPackageReference section */
		034623632C0CC6B4003A9B50 /* XCRemoteSwiftPackageReference "firebase-ios-sdk" */ = {
			isa = XCRemoteSwiftPackageReference;
			repositoryURL = "https://github.com/firebase/firebase-ios-sdk";
			requirement = {
				kind = upToNextMajorVersion;
				minimumVersion = 9.0.0;
			};
		};
/* End XCRemoteSwiftPackageReference section */

/* Begin XCSwiftPackageProductDependency section */
		034623642C0CC6B4003A9B50 /* FirebaseAnalytics */ = {
			isa = XCSwiftPackageProductDependency;
			package = 034623632C0CC6B4003A9B50 /* XCRemoteSwiftPackageReference "firebase-ios-sdk" */;
			productName = FirebaseAnalytics;
		};
		034623662C0CC6B4003A9B50 /* FirebaseAnalyticsSwift */ = {
			isa = XCSwiftPackageProductDependency;
			package = 034623632C0CC6B4003A9B50 /* XCRemoteSwiftPackageReference "firebase-ios-sdk" */;
			productName = FirebaseAnalyticsSwift;
		};
		034623682C0CC6B4003A9B50 /* FirebaseAuth */ = {
			isa = XCSwiftPackageProductDependency;
			package = 034623632C0CC6B4003A9B50 /* XCRemoteSwiftPackageReference "firebase-ios-sdk" */;
			productName = FirebaseAuth;
		};
/* End XCSwiftPackageProductDependency section */

/* Begin XCVersionGroup section */
		BE86101F2BFF5001001AB5A6 /* ShopifyApp.xcdatamodeld */ = {
			isa = XCVersionGroup;
			children = (
				BE8610202BFF5001001AB5A6 /* ShopifyApp.xcdatamodel */,
			);
			currentVersion = BE8610202BFF5001001AB5A6 /* ShopifyApp.xcdatamodel */;
			path = ShopifyApp.xcdatamodeld;
			sourceTree = "<group>";
			versionGroupType = wrapper.xcdatamodel;
		};
/* End XCVersionGroup section */
	};
	rootObject = BE86100B2BFF5001001AB5A6 /* Project object */;
}
